// !$*UTF8*$!
{
	archiveVersion = 1;
	classes = {
	};
	objectVersion = 50;
	objects = {

/* Begin PBXBuildFile section */
		5FBF20792495C85200404322 /* AppDelegate.swift in Sources */ = {isa = PBXBuildFile; fileRef = 5FBF20782495C85200404322 /* AppDelegate.swift */; };
		5FBF207B2495C85200404322 /* SceneDelegate.swift in Sources */ = {isa = PBXBuildFile; fileRef = 5FBF207A2495C85200404322 /* SceneDelegate.swift */; };
		5FBF207D2495C85200404322 /* ViewController.swift in Sources */ = {isa = PBXBuildFile; fileRef = 5FBF207C2495C85200404322 /* ViewController.swift */; };
		5FBF20802495C85200404322 /* Main.storyboard in Resources */ = {isa = PBXBuildFile; fileRef = 5FBF207E2495C85200404322 /* Main.storyboard */; };
		5FBF20822495C85A00404322 /* Assets.xcassets in Resources */ = {isa = PBXBuildFile; fileRef = 5FBF20812495C85A00404322 /* Assets.xcassets */; };
		5FBF20852495C85A00404322 /* LaunchScreen.storyboard in Resources */ = {isa = PBXBuildFile; fileRef = 5FBF20832495C85A00404322 /* LaunchScreen.storyboard */; };
		5FBF20972496468500404322 /* CreateFileViewController.swift in Sources */ = {isa = PBXBuildFile; fileRef = 5FBF20962496468500404322 /* CreateFileViewController.swift */; };
		5FCC636C249CEB7100FD4CD5 /* ImageCollectionViewCell.swift in Sources */ = {isa = PBXBuildFile; fileRef = 5FCC636B249CEB7100FD4CD5 /* ImageCollectionViewCell.swift */; };
		5FCC637024A20CCB00FD4CD5 /* Model.swift in Sources */ = {isa = PBXBuildFile; fileRef = 5FCC636F24A20CCB00FD4CD5 /* Model.swift */; };
		5FCC637224A3006E00FD4CD5 /* DataLoader.swift in Sources */ = {isa = PBXBuildFile; fileRef = 5FCC637124A3006D00FD4CD5 /* DataLoader.swift */; };
		5FCC63B424A899AB00FD4CD5 /* DocumentCollectionViewCell.swift in Sources */ = {isa = PBXBuildFile; fileRef = 5FCC63B324A899AA00FD4CD5 /* DocumentCollectionViewCell.swift */; };
		5FCC63B924AEE8D400FD4CD5 /* ScrollPageViewController.swift in Sources */ = {isa = PBXBuildFile; fileRef = 5FCC63B824AEE8D400FD4CD5 /* ScrollPageViewController.swift */; };
/* End PBXBuildFile section */

/* Begin PBXFileReference section */
		5FBF20752495C85200404322 /* Rolling.app */ = {isa = PBXFileReference; explicitFileType = wrapper.application; includeInIndex = 0; path = Rolling.app; sourceTree = BUILT_PRODUCTS_DIR; };
		5FBF20782495C85200404322 /* AppDelegate.swift */ = {isa = PBXFileReference; lastKnownFileType = sourcecode.swift; path = AppDelegate.swift; sourceTree = "<group>"; };
		5FBF207A2495C85200404322 /* SceneDelegate.swift */ = {isa = PBXFileReference; lastKnownFileType = sourcecode.swift; path = SceneDelegate.swift; sourceTree = "<group>"; };
		5FBF207C2495C85200404322 /* ViewController.swift */ = {isa = PBXFileReference; lastKnownFileType = sourcecode.swift; path = ViewController.swift; sourceTree = "<group>"; };
		5FBF207F2495C85200404322 /* Base */ = {isa = PBXFileReference; lastKnownFileType = file.storyboard; name = Base; path = Base.lproj/Main.storyboard; sourceTree = "<group>"; };
		5FBF20812495C85A00404322 /* Assets.xcassets */ = {isa = PBXFileReference; lastKnownFileType = folder.assetcatalog; path = Assets.xcassets; sourceTree = "<group>"; };
		5FBF20842495C85A00404322 /* Base */ = {isa = PBXFileReference; lastKnownFileType = file.storyboard; name = Base; path = Base.lproj/LaunchScreen.storyboard; sourceTree = "<group>"; };
		5FBF20862495C85A00404322 /* Info.plist */ = {isa = PBXFileReference; lastKnownFileType = text.plist.xml; path = Info.plist; sourceTree = "<group>"; };
		5FBF20962496468500404322 /* CreateFileViewController.swift */ = {isa = PBXFileReference; lastKnownFileType = sourcecode.swift; path = CreateFileViewController.swift; sourceTree = "<group>"; };
		5FCC636B249CEB7100FD4CD5 /* ImageCollectionViewCell.swift */ = {isa = PBXFileReference; lastKnownFileType = sourcecode.swift; path = ImageCollectionViewCell.swift; sourceTree = "<group>"; };
		5FCC636F24A20CCB00FD4CD5 /* Model.swift */ = {isa = PBXFileReference; lastKnownFileType = sourcecode.swift; path = Model.swift; sourceTree = "<group>"; };
		5FCC637124A3006D00FD4CD5 /* DataLoader.swift */ = {isa = PBXFileReference; lastKnownFileType = sourcecode.swift; path = DataLoader.swift; sourceTree = "<group>"; };
		5FCC63B324A899AA00FD4CD5 /* DocumentCollectionViewCell.swift */ = {isa = PBXFileReference; lastKnownFileType = sourcecode.swift; path = DocumentCollectionViewCell.swift; sourceTree = "<group>"; };
		5FCC63B824AEE8D400FD4CD5 /* ScrollPageViewController.swift */ = {isa = PBXFileReference; lastKnownFileType = sourcecode.swift; path = ScrollPageViewController.swift; sourceTree = "<group>"; };
/* End PBXFileReference section */

/* Begin PBXFrameworksBuildPhase section */
		5FBF20722495C85200404322 /* Frameworks */ = {
			isa = PBXFrameworksBuildPhase;
			buildActionMask = 2147483647;
			files = (
			);
			runOnlyForDeploymentPostprocessing = 0;
		};
/* End PBXFrameworksBuildPhase section */

/* Begin PBXGroup section */
		5FBF206C2495C85200404322 = {
			isa = PBXGroup;
			children = (
				5FBF20772495C85200404322 /* Rolling */,
				5FBF20762495C85200404322 /* Products */,
			);
			sourceTree = "<group>";
		};
		5FBF20762495C85200404322 /* Products */ = {
			isa = PBXGroup;
			children = (
				5FBF20752495C85200404322 /* Rolling.app */,
			);
			name = Products;
			sourceTree = "<group>";
		};
		5FBF20772495C85200404322 /* Rolling */ = {
			isa = PBXGroup;
			children = (
				5FCC636F24A20CCB00FD4CD5 /* Model.swift */,
				5FBF207E2495C85200404322 /* Main.storyboard */,
				5FCC63B824AEE8D400FD4CD5 /* ScrollPageViewController.swift */,
				5FBF20812495C85A00404322 /* Assets.xcassets */,
				5FBF20832495C85A00404322 /* LaunchScreen.storyboard */,
				5FBF20782495C85200404322 /* AppDelegate.swift */,
				5FBF207A2495C85200404322 /* SceneDelegate.swift */,
				5FBF20962496468500404322 /* CreateFileViewController.swift */,
				5FBF20862495C85A00404322 /* Info.plist */,
				5FBF207C2495C85200404322 /* ViewController.swift */,
				5FCC63B324A899AA00FD4CD5 /* DocumentCollectionViewCell.swift */,
				5FCC636B249CEB7100FD4CD5 /* ImageCollectionViewCell.swift */,
				5FCC637124A3006D00FD4CD5 /* DataLoader.swift */,
			);
			path = Rolling;
			sourceTree = "<group>";
		};
/* End PBXGroup section */

/* Begin PBXNativeTarget section */
		5FBF20742495C85200404322 /* Rolling */ = {
			isa = PBXNativeTarget;
			buildConfigurationList = 5FBF20892495C85A00404322 /* Build configuration list for PBXNativeTarget "Rolling" */;
			buildPhases = (
				5FBF20712495C85200404322 /* Sources */,
				5FBF20722495C85200404322 /* Frameworks */,
				5FBF20732495C85200404322 /* Resources */,
			);
			buildRules = (
			);
			dependencies = (
			);
			name = Rolling;
			productName = Rolling;
			productReference = 5FBF20752495C85200404322 /* Rolling.app */;
			productType = "com.apple.product-type.application";
		};
/* End PBXNativeTarget section */

/* Begin PBXProject section */
		5FBF206D2495C85200404322 /* Project object */ = {
			isa = PBXProject;
			attributes = {
				LastSwiftUpdateCheck = 1150;
				LastUpgradeCheck = 1150;
				ORGANIZATIONNAME = Yukey;
				TargetAttributes = {
					5FBF20742495C85200404322 = {
						CreatedOnToolsVersion = 11.5;
					};
				};
			};
			buildConfigurationList = 5FBF20702495C85200404322 /* Build configuration list for PBXProject "Rolling" */;
			compatibilityVersion = "Xcode 9.3";
			developmentRegion = en;
			hasScannedForEncodings = 0;
			knownRegions = (
				en,
				Base,
			);
			mainGroup = 5FBF206C2495C85200404322;
			productRefGroup = 5FBF20762495C85200404322 /* Products */;
			projectDirPath = "";
			projectRoot = "";
			targets = (
				5FBF20742495C85200404322 /* Rolling */,
			);
		};
/* End PBXProject section */

/* Begin PBXResourcesBuildPhase section */
		5FBF20732495C85200404322 /* Resources */ = {
			isa = PBXResourcesBuildPhase;
			buildActionMask = 2147483647;
			files = (
				5FBF20852495C85A00404322 /* LaunchScreen.storyboard in Resources */,
				5FBF20822495C85A00404322 /* Assets.xcassets in Resources */,
				5FBF20802495C85200404322 /* Main.storyboard in Resources */,
			);
			runOnlyForDeploymentPostprocessing = 0;
		};
/* End PBXResourcesBuildPhase section */

/* Begin PBXSourcesBuildPhase section */
		5FBF20712495C85200404322 /* Sources */ = {
			isa = PBXSourcesBuildPhase;
			buildActionMask = 2147483647;
			files = (
				5FBF207D2495C85200404322 /* ViewController.swift in Sources */,
				5FBF20972496468500404322 /* CreateFileViewController.swift in Sources */,
				5FCC63B424A899AB00FD4CD5 /* DocumentCollectionViewCell.swift in Sources */,
				5FCC636C249CEB7100FD4CD5 /* ImageCollectionViewCell.swift in Sources */,
				5FCC637024A20CCB00FD4CD5 /* Model.swift in Sources */,
				5FBF20792495C85200404322 /* AppDelegate.swift in Sources */,
				5FCC637224A3006E00FD4CD5 /* DataLoader.swift in Sources */,
				5FBF207B2495C85200404322 /* SceneDelegate.swift in Sources */,
				5FCC63B924AEE8D400FD4CD5 /* ScrollPageViewController.swift in Sources */,
			);
			runOnlyForDeploymentPostprocessing = 0;
		};
/* End PBXSourcesBuildPhase section */

/* Begin PBXVariantGroup section */
		5FBF207E2495C85200404322 /* Main.storyboard */ = {
			isa = PBXVariantGroup;
			children = (
				5FBF207F2495C85200404322 /* Base */,
			);
			name = Main.storyboard;
			sourceTree = "<group>";
		};
		5FBF20832495C85A00404322 /* LaunchScreen.storyboard */ = {
			isa = PBXVariantGroup;
			children = (
				5FBF20842495C85A00404322 /* Base */,
			);
			name = LaunchScreen.storyboard;
			sourceTree = "<group>";
		};
/* End PBXVariantGroup section */

/* Begin XCBuildConfiguration section */
		5FBF20872495C85A00404322 /* Debug */ = {
			isa = XCBuildConfiguration;
			buildSettings = {
				ALWAYS_SEARCH_USER_PATHS = NO;
				CLANG_ANALYZER_NONNULL = YES;
				CLANG_ANALYZER_NUMBER_OBJECT_CONVERSION = YES_AGGRESSIVE;
				CLANG_CXX_LANGUAGE_STANDARD = "gnu++14";
				CLANG_CXX_LIBRARY = "libc++";
				CLANG_ENABLE_MODULES = YES;
				CLANG_ENABLE_OBJC_ARC = YES;
				CLANG_ENABLE_OBJC_WEAK = YES;
				CLANG_WARN_BLOCK_CAPTURE_AUTORELEASING = YES;
				CLANG_WARN_BOOL_CONVERSION = YES;
				CLANG_WARN_COMMA = YES;
				CLANG_WARN_CONSTANT_CONVERSION = YES;
				CLANG_WARN_DEPRECATED_OBJC_IMPLEMENTATIONS = YES;
				CLANG_WARN_DIRECT_OBJC_ISA_USAGE = YES_ERROR;
				CLANG_WARN_DOCUMENTATION_COMMENTS = YES;
				CLANG_WARN_EMPTY_BODY = YES;
				CLANG_WARN_ENUM_CONVERSION = YES;
				CLANG_WARN_INFINITE_RECURSION = YES;
				CLANG_WARN_INT_CONVERSION = YES;
				CLANG_WARN_NON_LITERAL_NULL_CONVERSION = YES;
				CLANG_WARN_OBJC_IMPLICIT_RETAIN_SELF = YES;
				CLANG_WARN_OBJC_LITERAL_CONVERSION = YES;
				CLANG_WARN_OBJC_ROOT_CLASS = YES_ERROR;
				CLANG_WARN_RANGE_LOOP_ANALYSIS = YES;
				CLANG_WARN_STRICT_PROTOTYPES = YES;
				CLANG_WARN_SUSPICIOUS_MOVE = YES;
				CLANG_WARN_UNGUARDED_AVAILABILITY = YES_AGGRESSIVE;
				CLANG_WARN_UNREACHABLE_CODE = YES;
				CLANG_WARN__DUPLICATE_METHOD_MATCH = YES;
				COPY_PHASE_STRIP = NO;
				DEBUG_INFORMATION_FORMAT = dwarf;
				ENABLE_STRICT_OBJC_MSGSEND = YES;
				ENABLE_TESTABILITY = YES;
				GCC_C_LANGUAGE_STANDARD = gnu11;
				GCC_DYNAMIC_NO_PIC = NO;
				GCC_NO_COMMON_BLOCKS = YES;
				GCC_OPTIMIZATION_LEVEL = 0;
				GCC_PREPROCESSOR_DEFINITIONS = (
					"DEBUG=1",
					"$(inherited)",
				);
				GCC_WARN_64_TO_32_BIT_CONVERSION = YES;
				GCC_WARN_ABOUT_RETURN_TYPE = YES_ERROR;
				GCC_WARN_UNDECLARED_SELECTOR = YES;
				GCC_WARN_UNINITIALIZED_AUTOS = YES_AGGRESSIVE;
				GCC_WARN_UNUSED_FUNCTION = YES;
				GCC_WARN_UNUSED_VARIABLE = YES;
				IPHONEOS_DEPLOYMENT_TARGET = 13.5;
				MTL_ENABLE_DEBUG_INFO = INCLUDE_SOURCE;
				MTL_FAST_MATH = YES;
				ONLY_ACTIVE_ARCH = YES;
				SDKROOT = iphoneos;
				SWIFT_ACTIVE_COMPILATION_CONDITIONS = DEBUG;
				SWIFT_OPTIMIZATION_LEVEL = "-Onone";
			};
			name = Debug;
		};
		5FBF20882495C85A00404322 /* Release */ = {
			isa = XCBuildConfiguration;
			buildSettings = {
				ALWAYS_SEARCH_USER_PATHS = NO;
				CLANG_ANALYZER_NONNULL = YES;
				CLANG_ANALYZER_NUMBER_OBJECT_CONVERSION = YES_AGGRESSIVE;
				CLANG_CXX_LANGUAGE_STANDARD = "gnu++14";
				CLANG_CXX_LIBRARY = "libc++";
				CLANG_ENABLE_MODULES = YES;
				CLANG_ENABLE_OBJC_ARC = YES;
				CLANG_ENABLE_OBJC_WEAK = YES;
				CLANG_WARN_BLOCK_CAPTURE_AUTORELEASING = YES;
				CLANG_WARN_BOOL_CONVERSION = YES;
				CLANG_WARN_COMMA = YES;
				CLANG_WARN_CONSTANT_CONVERSION = YES;
				CLANG_WARN_DEPRECATED_OBJC_IMPLEMENTATIONS = YES;
				CLANG_WARN_DIRECT_OBJC_ISA_USAGE = YES_ERROR;
				CLANG_WARN_DOCUMENTATION_COMMENTS = YES;
				CLANG_WARN_EMPTY_BODY = YES;
				CLANG_WARN_ENUM_CONVERSION = YES;
				CLANG_WARN_INFINITE_RECURSION = YES;
				CLANG_WARN_INT_CONVERSION = YES;
				CLANG_WARN_NON_LITERAL_NULL_CONVERSION = YES;
				CLANG_WARN_OBJC_IMPLICIT_RETAIN_SELF = YES;
				CLANG_WARN_OBJC_LITERAL_CONVERSION = YES;
				CLANG_WARN_OBJC_ROOT_CLASS = YES_ERROR;
				CLANG_WARN_RANGE_LOOP_ANALYSIS = YES;
				CLANG_WARN_STRICT_PROTOTYPES = YES;
				CLANG_WARN_SUSPICIOUS_MOVE = YES;
				CLANG_WARN_UNGUARDED_AVAILABILITY = YES_AGGRESSIVE;
				CLANG_WARN_UNREACHABLE_CODE = YES;
				CLANG_WARN__DUPLICATE_METHOD_MATCH = YES;
				COPY_PHASE_STRIP = NO;
				DEBUG_INFORMATION_FORMAT = "dwarf-with-dsym";
				ENABLE_NS_ASSERTIONS = NO;
				ENABLE_STRICT_OBJC_MSGSEND = YES;
				GCC_C_LANGUAGE_STANDARD = gnu11;
				GCC_NO_COMMON_BLOCKS = YES;
				GCC_WARN_64_TO_32_BIT_CONVERSION = YES;
				GCC_WARN_ABOUT_RETURN_TYPE = YES_ERROR;
				GCC_WARN_UNDECLARED_SELECTOR = YES;
				GCC_WARN_UNINITIALIZED_AUTOS = YES_AGGRESSIVE;
				GCC_WARN_UNUSED_FUNCTION = YES;
				GCC_WARN_UNUSED_VARIABLE = YES;
				IPHONEOS_DEPLOYMENT_TARGET = 13.5;
				MTL_ENABLE_DEBUG_INFO = NO;
				MTL_FAST_MATH = YES;
				SDKROOT = iphoneos;
				SWIFT_COMPILATION_MODE = wholemodule;
				SWIFT_OPTIMIZATION_LEVEL = "-O";
				VALIDATE_PRODUCT = YES;
			};
			name = Release;
		};
		5FBF208A2495C85A00404322 /* Debug */ = {
			isa = XCBuildConfiguration;
			buildSettings = {
				ASSETCATALOG_COMPILER_APPICON_NAME = AppIcon;
				CODE_SIGN_STYLE = Automatic;
				INFOPLIST_FILE = Rolling/Info.plist;
				LD_RUNPATH_SEARCH_PATHS = (
					"$(inherited)",
					"@executable_path/Frameworks",
				);
				PRODUCT_BUNDLE_IDENTIFIER = lucky.Rolling;
				PRODUCT_NAME = "$(TARGET_NAME)";
				SWIFT_VERSION = 5.0;
				TARGETED_DEVICE_FAMILY = "1,2";
			};
			name = Debug;
		};
		5FBF208B2495C85A00404322 /* Release */ = {
			isa = XCBuildConfiguration;
			buildSettings = {
				ASSETCATALOG_COMPILER_APPICON_NAME = AppIcon;
				CODE_SIGN_STYLE = Automatic;
				INFOPLIST_FILE = Rolling/Info.plist;
				LD_RUNPATH_SEARCH_PATHS = (
					"$(inherited)",
					"@executable_path/Frameworks",
				);
				PRODUCT_BUNDLE_IDENTIFIER = lucky.Rolling;
				PRODUCT_NAME = "$(TARGET_NAME)";
				SWIFT_VERSION = 5.0;
				TARGETED_DEVICE_FAMILY = "1,2";
			};
			name = Release;
		};
/* End XCBuildConfiguration section */

/* Begin XCConfigurationList section */
		5FBF20702495C85200404322 /* Build configuration list for PBXProject "Rolling" */ = {
			isa = XCConfigurationList;
			buildConfigurations = (
				5FBF20872495C85A00404322 /* Debug */,
				5FBF20882495C85A00404322 /* Release */,
			);
			defaultConfigurationIsVisible = 0;
			defaultConfigurationName = Release;
		};
		5FBF20892495C85A00404322 /* Build configuration list for PBXNativeTarget "Rolling" */ = {
			isa = XCConfigurationList;
			buildConfigurations = (
				5FBF208A2495C85A00404322 /* Debug */,
				5FBF208B2495C85A00404322 /* Release */,
			);
			defaultConfigurationIsVisible = 0;
			defaultConfigurationName = Release;
		};
/* End XCConfigurationList section */
	};
	rootObject = 5FBF206D2495C85200404322 /* Project object */;
}
